
Microsoft Visual Studio Solution File, Format Version 12.00
# Visual Studio Version 17
VisualStudioVersion = 17.7.34031.279
MinimumVisualStudioVersion = 10.0.40219.1
Project("{2150E333-8FDC-42A3-9474-1A3956D46DE8}") = "src", "src", "{FB816E35-C6A6-4D19-8F12-16996377D64D}"
EndProject
Project("{2150E333-8FDC-42A3-9474-1A3956D46DE8}") = "tests", "tests", "{E2653D87-8414-4490-8E85-5879A3F69105}"
EndProject
Project("{9A19103F-16F7-4668-BE54-9A1E7A4F7556}") = "Blogg.API", "src\Blogg.API\Blogg.API.csproj", "{4780DA7D-CF6A-46B4-AB6B-0E54B0835DA4}"
EndProject
Project("{9A19103F-16F7-4668-BE54-9A1E7A4F7556}") = "Blogg.IntegrationTests", "tests\Blogg.IntegrationTests\Blogg.IntegrationTests.csproj", "{5C612F68-5957-4C47-9418-9654CE437841}"
EndProject
Project("{9A19103F-16F7-4668-BE54-9A1E7A4F7556}") = "Blogg.UnitTests", "tests\Blogg.UnitTests\Blogg.UnitTests.csproj", "{5371C415-9D41-4ADA-A0E4-E12586C0E89E}"
EndProject
Global
	GlobalSection(SolutionConfigurationPlatforms) = preSolution
		Debug|Any CPU = Debug|Any CPU
		Release|Any CPU = Release|Any CPU
	EndGlobalSection
	GlobalSection(ProjectConfigurationPlatforms) = postSolution
		{4780DA7D-CF6A-46B4-AB6B-0E54B0835DA4}.Debug|Any CPU.ActiveCfg = Debug|Any CPU
		{4780DA7D-CF6A-46B4-AB6B-0E54B0835DA4}.Debug|Any CPU.Build.0 = Debug|Any CPU
		{4780DA7D-CF6A-46B4-AB6B-0E54B0835DA4}.Release|Any CPU.ActiveCfg = Release|Any CPU
		{4780DA7D-CF6A-46B4-AB6B-0E54B0835DA4}.Release|Any CPU.Build.0 = Release|Any CPU
		{5C612F68-5957-4C47-9418-9654CE437841}.Debug|Any CPU.ActiveCfg = Debug|Any CPU
		{5C612F68-5957-4C47-9418-9654CE437841}.Debug|Any CPU.Build.0 = Debug|Any CPU
		{5C612F68-5957-4C47-9418-9654CE437841}.Release|Any CPU.ActiveCfg = Release|Any CPU
		{5C612F68-5957-4C47-9418-9654CE437841}.Release|Any CPU.Build.0 = Release|Any CPU
		{5371C415-9D41-4ADA-A0E4-E12586C0E89E}.Debug|Any CPU.ActiveCfg = Debug|Any CPU
		{5371C415-9D41-4ADA-A0E4-E12586C0E89E}.Debug|Any CPU.Build.0 = Debug|Any CPU
		{5371C415-9D41-4ADA-A0E4-E12586C0E89E}.Release|Any CPU.ActiveCfg = Release|Any CPU
		{5371C415-9D41-4ADA-A0E4-E12586C0E89E}.Release|Any CPU.Build.0 = Release|Any CPU
	EndGlobalSection
	GlobalSection(SolutionProperties) = preSolution
		HideSolutionNode = FALSE
	EndGlobalSection
	GlobalSection(NestedProjects) = preSolution
		{4780DA7D-CF6A-46B4-AB6B-0E54B0835DA4} = {FB816E35-C6A6-4D19-8F12-16996377D64D}
		{5C612F68-5957-4C47-9418-9654CE437841} = {E2653D87-8414-4490-8E85-5879A3F69105}
		{5371C415-9D41-4ADA-A0E4-E12586C0E89E} = {E2653D87-8414-4490-8E85-5879A3F69105}
	EndGlobalSection
	GlobalSection(ExtensibilityGlobals) = postSolution
		SolutionGuid = {B322173C-3286-4BF3-B860-BCA9F0D95413}
	EndGlobalSection
EndGlobal
